
Microsoft Visual Studio Solution File, Format Version 12.00
# Visual Studio Version 17
VisualStudioVersion = 17.11.35327.3
MinimumVisualStudioVersion = 10.0.40219.1
Project("{FAE04EC0-301F-11D3-BF4B-00C04F79EFBC}") = "CadastroCliente", "CadastroCliente\CadastroCliente.csproj", "{B5799E56-2D5E-485D-A0CE-3CDDB63E54F7}"
EndProject
Global
	GlobalSection(SolutionConfigurationPlatforms) = preSolution
		Debug|Any CPU = Debug|Any CPU
		Release|Any CPU = Release|Any CPU
	EndGlobalSection
	GlobalSection(ProjectConfigurationPlatforms) = postSolution
		{B5799E56-2D5E-485D-A0CE-3CDDB63E54F7}.Debug|Any CPU.ActiveCfg = Debug|Any CPU
		{B5799E56-2D5E-485D-A0CE-3CDDB63E54F7}.Debug|Any CPU.Build.0 = Debug|Any CPU
		{B5799E56-2D5E-485D-A0CE-3CDDB63E54F7}.Release|Any CPU.ActiveCfg = Release|Any CPU
		{B5799E56-2D5E-485D-A0CE-3CDDB63E54F7}.Release|Any CPU.Build.0 = Release|Any CPU
	EndGlobalSection
	GlobalSection(SolutionProperties) = preSolution
		HideSolutionNode = FALSE
	EndGlobalSection
	GlobalSection(ExtensibilityGlobals) = postSolution
		SolutionGuid = {2DBC1162-A44E-4AD4-BBE2-AD40A57C683E}
	EndGlobalSection
EndGlobal
